
Microsoft Visual Studio Solution File, Format Version 12.00
# Visual Studio Version 17
VisualStudioVersion = 17.0.32014.148
MinimumVisualStudioVersion = 10.0.40219.1
Project("{FAE04EC0-301F-11D3-BF4B-00C04F79EFBC}") = "OffGridConstruction", "OffGridConstruction\OffGridConstruction.csproj", "{DBF9A094-C537-49A2-8378-A35517F3C927}"
EndProject
Global
	GlobalSection(SolutionConfigurationPlatforms) = preSolution
		Debug|Any CPU = Debug|Any CPU
		Release|Any CPU = Release|Any CPU
	EndGlobalSection
	GlobalSection(ProjectConfigurationPlatforms) = postSolution
		{DBF9A094-C537-49A2-8378-A35517F3C927}.Debug|Any CPU.ActiveCfg = Debug|Any CPU
		{DBF9A094-C537-49A2-8378-A35517F3C927}.Debug|Any CPU.Build.0 = Debug|Any CPU
		{DBF9A094-C537-49A2-8378-A35517F3C927}.Release|Any CPU.ActiveCfg = Release|Any CPU
		{DBF9A094-C537-49A2-8378-A35517F3C927}.Release|Any CPU.Build.0 = Release|Any CPU
	EndGlobalSection
	GlobalSection(SolutionProperties) = preSolution
		HideSolutionNode = FALSE
	EndGlobalSection
	GlobalSection(ExtensibilityGlobals) = postSolution
		SolutionGuid = {329C91AB-D9A7-4953-A36F-2B4378F93699}
	EndGlobalSection
EndGlobal
